
Microsoft Visual Studio Solution File, Format Version 12.00
# Visual Studio 2012
Project("{8BC9CEB8-8B4A-11D0-8D11-00A0C91BC942}") = "cudaDeviceProp", "cudaDeviceProp.vcxproj", "{F4FC1044-5423-481A-AA56-8990F8C18280}"
EndProject
Global
	GlobalSection(SolutionConfigurationPlatforms) = preSolution
		Debug|Win32 = Debug|Win32
		Debug|x64 = Debug|x64
		Release|Win32 = Release|Win32
		Release|x64 = Release|x64
	EndGlobalSection
	GlobalSection(ProjectConfigurationPlatforms) = postSolution
		{F4FC1044-5423-481A-AA56-8990F8C18280}.Debug|Win32.ActiveCfg = Debug|Win32
		{F4FC1044-5423-481A-AA56-8990F8C18280}.Debug|Win32.Build.0 = Debug|Win32
		{F4FC1044-5423-481A-AA56-8990F8C18280}.Debug|x64.ActiveCfg = Debug|x64
		{F4FC1044-5423-481A-AA56-8990F8C18280}.Debug|x64.Build.0 = Debug|x64
		{F4FC1044-5423-481A-AA56-8990F8C18280}.Release|Win32.ActiveCfg = Release|Win32
		{F4FC1044-5423-481A-AA56-8990F8C18280}.Release|Win32.Build.0 = Release|Win32
		{F4FC1044-5423-481A-AA56-8990F8C18280}.Release|x64.ActiveCfg = Release|x64
		{F4FC1044-5423-481A-AA56-8990F8C18280}.Release|x64.Build.0 = Release|x64
	EndGlobalSection
	GlobalSection(SolutionProperties) = preSolution
		HideSolutionNode = FALSE
	EndGlobalSection
EndGlobal
